// !$*UTF8*$!
{
	archiveVersion = 1;
	classes = {
	};
	objectVersion = 55;
	objects = {

/* Begin PBXBuildFile section */
		6DDB9FF327733F9200D0FBDC /* SushiApp.swift in Sources */ = {isa = PBXBuildFile; fileRef = 6DDB9FF227733F9200D0FBDC /* SushiApp.swift */; };
		6DDB9FF527733F9200D0FBDC /* ContentView.swift in Sources */ = {isa = PBXBuildFile; fileRef = 6DDB9FF427733F9200D0FBDC /* ContentView.swift */; };
		6DDB9FF727733F9200D0FBDC /* Assets.xcassets in Resources */ = {isa = PBXBuildFile; fileRef = 6DDB9FF627733F9200D0FBDC /* Assets.xcassets */; };
		6DDB9FFA27733F9200D0FBDC /* Preview Assets.xcassets in Resources */ = {isa = PBXBuildFile; fileRef = 6DDB9FF927733F9200D0FBDC /* Preview Assets.xcassets */; };
		6DDBA001277344BA00D0FBDC /* HomeView.swift in Sources */ = {isa = PBXBuildFile; fileRef = 6DDBA000277344BA00D0FBDC /* HomeView.swift */; };
		6DDBA00327739EB500D0FBDC /* MenuClass.swift in Sources */ = {isa = PBXBuildFile; fileRef = 6DDBA00227739EB500D0FBDC /* MenuClass.swift */; };
		6DDBA0052774D25900D0FBDC /* ItemClass.swift in Sources */ = {isa = PBXBuildFile; fileRef = 6DDBA0042774D25900D0FBDC /* ItemClass.swift */; };
		6DDBA0072774E2A900D0FBDC /* DetailView.swift in Sources */ = {isa = PBXBuildFile; fileRef = 6DDBA0062774E2A900D0FBDC /* DetailView.swift */; };
/* End PBXBuildFile section */

/* Begin PBXFileReference section */
		6DDB9FEF27733F9200D0FBDC /* Sushi.app */ = {isa = PBXFileReference; explicitFileType = wrapper.application; includeInIndex = 0; path = Sushi.app; sourceTree = BUILT_PRODUCTS_DIR; };
		6DDB9FF227733F9200D0FBDC /* SushiApp.swift */ = {isa = PBXFileReference; lastKnownFileType = sourcecode.swift; path = SushiApp.swift; sourceTree = "<group>"; };
		6DDB9FF427733F9200D0FBDC /* ContentView.swift */ = {isa = PBXFileReference; lastKnownFileType = sourcecode.swift; path = ContentView.swift; sourceTree = "<group>"; };
		6DDB9FF627733F9200D0FBDC /* Assets.xcassets */ = {isa = PBXFileReference; lastKnownFileType = folder.assetcatalog; path = Assets.xcassets; sourceTree = "<group>"; };
		6DDB9FF927733F9200D0FBDC /* Preview Assets.xcassets */ = {isa = PBXFileReference; lastKnownFileType = folder.assetcatalog; path = "Preview Assets.xcassets"; sourceTree = "<group>"; };
		6DDBA000277344BA00D0FBDC /* HomeView.swift */ = {isa = PBXFileReference; lastKnownFileType = sourcecode.swift; path = HomeView.swift; sourceTree = "<group>"; };
		6DDBA00227739EB500D0FBDC /* MenuClass.swift */ = {isa = PBXFileReference; lastKnownFileType = sourcecode.swift; path = MenuClass.swift; sourceTree = "<group>"; };
		6DDBA0042774D25900D0FBDC /* ItemClass.swift */ = {isa = PBXFileReference; lastKnownFileType = sourcecode.swift; path = ItemClass.swift; sourceTree = "<group>"; };
		6DDBA0062774E2A900D0FBDC /* DetailView.swift */ = {isa = PBXFileReference; lastKnownFileType = sourcecode.swift; path = DetailView.swift; sourceTree = "<group>"; };
/* End PBXFileReference section */

/* Begin PBXFrameworksBuildPhase section */
		6DDB9FEC27733F9200D0FBDC /* Frameworks */ = {
			isa = PBXFrameworksBuildPhase;
			buildActionMask = 2147483647;
			files = (
			);
			runOnlyForDeploymentPostprocessing = 0;
		};
/* End PBXFrameworksBuildPhase section */

/* Begin PBXGroup section */
		6DDB9FE627733F9100D0FBDC = {
			isa = PBXGroup;
			children = (
				6DDB9FF127733F9200D0FBDC /* Sushi */,
				6DDB9FF027733F9200D0FBDC /* Products */,
			);
			sourceTree = "<group>";
		};
		6DDB9FF027733F9200D0FBDC /* Products */ = {
			isa = PBXGroup;
			children = (
				6DDB9FEF27733F9200D0FBDC /* Sushi.app */,
			);
			name = Products;
			sourceTree = "<group>";
		};
		6DDB9FF127733F9200D0FBDC /* Sushi */ = {
			isa = PBXGroup;
			children = (
				6DDB9FF227733F9200D0FBDC /* SushiApp.swift */,
				6DDB9FF427733F9200D0FBDC /* ContentView.swift */,
				6DDBA0042774D25900D0FBDC /* ItemClass.swift */,
				6DDBA000277344BA00D0FBDC /* HomeView.swift */,
				6DDBA0062774E2A900D0FBDC /* DetailView.swift */,
				6DDBA00227739EB500D0FBDC /* MenuClass.swift */,
				6DDB9FF627733F9200D0FBDC /* Assets.xcassets */,
				6DDB9FF827733F9200D0FBDC /* Preview Content */,
			);
			path = Sushi;
			sourceTree = "<group>";
		};
		6DDB9FF827733F9200D0FBDC /* Preview Content */ = {
			isa = PBXGroup;
			children = (
				6DDB9FF927733F9200D0FBDC /* Preview Assets.xcassets */,
			);
			path = "Preview Content";
			sourceTree = "<group>";
		};
/* End PBXGroup section */

/* Begin PBXNativeTarget section */
		6DDB9FEE27733F9200D0FBDC /* Sushi */ = {
			isa = PBXNativeTarget;
			buildConfigurationList = 6DDB9FFD27733F9200D0FBDC /* Build configuration list for PBXNativeTarget "Sushi" */;
			buildPhases = (
				6DDB9FEB27733F9200D0FBDC /* Sources */,
				6DDB9FEC27733F9200D0FBDC /* Frameworks */,
				6DDB9FED27733F9200D0FBDC /* Resources */,
			);
			buildRules = (
			);
			dependencies = (
			);
			name = Sushi;
			productName = Sushi;
			productReference = 6DDB9FEF27733F9200D0FBDC /* Sushi.app */;
			productType = "com.apple.product-type.application";
		};
/* End PBXNativeTarget section */

/* Begin PBXProject section */
		6DDB9FE727733F9100D0FBDC /* Project object */ = {
			isa = PBXProject;
			attributes = {
				BuildIndependentTargetsInParallel = 1;
				LastSwiftUpdateCheck = 1320;
				LastUpgradeCheck = 1320;
				TargetAttributes = {
					6DDB9FEE27733F9200D0FBDC = {
						CreatedOnToolsVersion = 13.2.1;
					};
				};
			};
			buildConfigurationList = 6DDB9FEA27733F9100D0FBDC /* Build configuration list for PBXProject "Sushi" */;
			compatibilityVersion = "Xcode 13.0";
			developmentRegion = en;
			hasScannedForEncodings = 0;
			knownRegions = (
				en,
				Base,
			);
			mainGroup = 6DDB9FE627733F9100D0FBDC;
			productRefGroup = 6DDB9FF027733F9200D0FBDC /* Products */;
			projectDirPath = "";
			projectRoot = "";
			targets = (
				6DDB9FEE27733F9200D0FBDC /* Sushi */,
			);
		};
/* End PBXProject section */

/* Begin PBXResourcesBuildPhase section */
		6DDB9FED27733F9200D0FBDC /* Resources */ = {
			isa = PBXResourcesBuildPhase;
			buildActionMask = 2147483647;
			files = (
				6DDB9FFA27733F9200D0FBDC /* Preview Assets.xcassets in Resources */,
				6DDB9FF727733F9200D0FBDC /* Assets.xcassets in Resources */,
			);
			runOnlyForDeploymentPostprocessing = 0;
		};
/* End PBXResourcesBuildPhase section */

/* Begin PBXSourcesBuildPhase section */
		6DDB9FEB27733F9200D0FBDC /* Sources */ = {
			isa = PBXSourcesBuildPhase;
			buildActionMask = 2147483647;
			files = (
				6DDBA001277344BA00D0FBDC /* HomeView.swift in Sources */,
				6DDBA0072774E2A900D0FBDC /* DetailView.swift in Sources */,
				6DDBA00327739EB500D0FBDC /* MenuClass.swift in Sources */,
				6DDBA0052774D25900D0FBDC /* ItemClass.swift in Sources */,
				6DDB9FF527733F9200D0FBDC /* ContentView.swift in Sources */,
				6DDB9FF327733F9200D0FBDC /* SushiApp.swift in Sources */,
			);
			runOnlyForDeploymentPostprocessing = 0;
		};
/* End PBXSourcesBuildPhase section */

/* Begin XCBuildConfiguration section */
		6DDB9FFB27733F9200D0FBDC /* Debug */ = {
			isa = XCBuildConfiguration;
			buildSettings = {
				ALWAYS_SEARCH_USER_PATHS = NO;
				CLANG_ANALYZER_NONNULL = YES;
				CLANG_ANALYZER_NUMBER_OBJECT_CONVERSION = YES_AGGRESSIVE;
				CLANG_CXX_LANGUAGE_STANDARD = "gnu++17";
				CLANG_CXX_LIBRARY = "libc++";
				CLANG_ENABLE_MODULES = YES;
				CLANG_ENABLE_OBJC_ARC = YES;
				CLANG_ENABLE_OBJC_WEAK = YES;
				CLANG_WARN_BLOCK_CAPTURE_AUTORELEASING = YES;
				CLANG_WARN_BOOL_CONVERSION = YES;
				CLANG_WARN_COMMA = YES;
				CLANG_WARN_CONSTANT_CONVERSION = YES;
				CLANG_WARN_DEPRECATED_OBJC_IMPLEMENTATIONS = YES;
				CLANG_WARN_DIRECT_OBJC_ISA_USAGE = YES_ERROR;
				CLANG_WARN_DOCUMENTATION_COMMENTS = YES;
				CLANG_WARN_EMPTY_BODY = YES;
				CLANG_WARN_ENUM_CONVERSION = YES;
				CLANG_WARN_INFINITE_RECURSION = YES;
				CLANG_WARN_INT_CONVERSION = YES;
				CLANG_WARN_NON_LITERAL_NULL_CONVERSION = YES;
				CLANG_WARN_OBJC_IMPLICIT_RETAIN_SELF = YES;
				CLANG_WARN_OBJC_LITERAL_CONVERSION = YES;
				CLANG_WARN_OBJC_ROOT_CLASS = YES_ERROR;
				CLANG_WARN_QUOTED_INCLUDE_IN_FRAMEWORK_HEADER = YES;
				CLANG_WARN_RANGE_LOOP_ANALYSIS = YES;
				CLANG_WARN_STRICT_PROTOTYPES = YES;
				CLANG_WARN_SUSPICIOUS_MOVE = YES;
				CLANG_WARN_UNGUARDED_AVAILABILITY = YES_AGGRESSIVE;
				CLANG_WARN_UNREACHABLE_CODE = YES;
				CLANG_WARN__DUPLICATE_METHOD_MATCH = YES;
				COPY_PHASE_STRIP = NO;
				DEBUG_INFORMATION_FORMAT = dwarf;
				ENABLE_STRICT_OBJC_MSGSEND = YES;
				ENABLE_TESTABILITY = YES;
				GCC_C_LANGUAGE_STANDARD = gnu11;
				GCC_DYNAMIC_NO_PIC = NO;
				GCC_NO_COMMON_BLOCKS = YES;
				GCC_OPTIMIZATION_LEVEL = 0;
				GCC_PREPROCESSOR_DEFINITIONS = (
					"DEBUG=1",
					"$(inherited)",
				);
				GCC_WARN_64_TO_32_BIT_CONVERSION = YES;
				GCC_WARN_ABOUT_RETURN_TYPE = YES_ERROR;
				GCC_WARN_UNDECLARED_SELECTOR = YES;
				GCC_WARN_UNINITIALIZED_AUTOS = YES_AGGRESSIVE;
				GCC_WARN_UNUSED_FUNCTION = YES;
				GCC_WARN_UNUSED_VARIABLE = YES;
				IPHONEOS_DEPLOYMENT_TARGET = 15.2;
				MTL_ENABLE_DEBUG_INFO = INCLUDE_SOURCE;
				MTL_FAST_MATH = YES;
				ONLY_ACTIVE_ARCH = YES;
				SDKROOT = iphoneos;
				SWIFT_ACTIVE_COMPILATION_CONDITIONS = DEBUG;
				SWIFT_OPTIMIZATION_LEVEL = "-Onone";
			};
			name = Debug;
		};
		6DDB9FFC27733F9200D0FBDC /* Release */ = {
			isa = XCBuildConfiguration;
			buildSettings = {
				ALWAYS_SEARCH_USER_PATHS = NO;
				CLANG_ANALYZER_NONNULL = YES;
				CLANG_ANALYZER_NUMBER_OBJECT_CONVERSION = YES_AGGRESSIVE;
				CLANG_CXX_LANGUAGE_STANDARD = "gnu++17";
				CLANG_CXX_LIBRARY = "libc++";
				CLANG_ENABLE_MODULES = YES;
				CLANG_ENABLE_OBJC_ARC = YES;
				CLANG_ENABLE_OBJC_WEAK = YES;
				CLANG_WARN_BLOCK_CAPTURE_AUTORELEASING = YES;
				CLANG_WARN_BOOL_CONVERSION = YES;
				CLANG_WARN_COMMA = YES;
				CLANG_WARN_CONSTANT_CONVERSION = YES;
				CLANG_WARN_DEPRECATED_OBJC_IMPLEMENTATIONS = YES;
				CLANG_WARN_DIRECT_OBJC_ISA_USAGE = YES_ERROR;
				CLANG_WARN_DOCUMENTATION_COMMENTS = YES;
				CLANG_WARN_EMPTY_BODY = YES;
				CLANG_WARN_ENUM_CONVERSION = YES;
				CLANG_WARN_INFINITE_RECURSION = YES;
				CLANG_WARN_INT_CONVERSION = YES;
				CLANG_WARN_NON_LITERAL_NULL_CONVERSION = YES;
				CLANG_WARN_OBJC_IMPLICIT_RETAIN_SELF = YES;
				CLANG_WARN_OBJC_LITERAL_CONVERSION = YES;
				CLANG_WARN_OBJC_ROOT_CLASS = YES_ERROR;
				CLANG_WARN_QUOTED_INCLUDE_IN_FRAMEWORK_HEADER = YES;
				CLANG_WARN_RANGE_LOOP_ANALYSIS = YES;
				CLANG_WARN_STRICT_PROTOTYPES = YES;
				CLANG_WARN_SUSPICIOUS_MOVE = YES;
				CLANG_WARN_UNGUARDED_AVAILABILITY = YES_AGGRESSIVE;
				CLANG_WARN_UNREACHABLE_CODE = YES;
				CLANG_WARN__DUPLICATE_METHOD_MATCH = YES;
				COPY_PHASE_STRIP = NO;
				DEBUG_INFORMATION_FORMAT = "dwarf-with-dsym";
				ENABLE_NS_ASSERTIONS = NO;
				ENABLE_STRICT_OBJC_MSGSEND = YES;
				GCC_C_LANGUAGE_STANDARD = gnu11;
				GCC_NO_COMMON_BLOCKS = YES;
				GCC_WARN_64_TO_32_BIT_CONVERSION = YES;
				GCC_WARN_ABOUT_RETURN_TYPE = YES_ERROR;
				GCC_WARN_UNDECLARED_SELECTOR = YES;
				GCC_WARN_UNINITIALIZED_AUTOS = YES_AGGRESSIVE;
				GCC_WARN_UNUSED_FUNCTION = YES;
				GCC_WARN_UNUSED_VARIABLE = YES;
				IPHONEOS_DEPLOYMENT_TARGET = 15.2;
				MTL_ENABLE_DEBUG_INFO = NO;
				MTL_FAST_MATH = YES;
				SDKROOT = iphoneos;
				SWIFT_COMPILATION_MODE = wholemodule;
				SWIFT_OPTIMIZATION_LEVEL = "-O";
				VALIDATE_PRODUCT = YES;
			};
			name = Release;
		};
		6DDB9FFE27733F9200D0FBDC /* Debug */ = {
			isa = XCBuildConfiguration;
			buildSettings = {
				ASSETCATALOG_COMPILER_APPICON_NAME = AppIcon;
				ASSETCATALOG_COMPILER_GLOBAL_ACCENT_COLOR_NAME = AccentColor;
				CODE_SIGN_STYLE = Automatic;
				CURRENT_PROJECT_VERSION = 1;
				DEVELOPMENT_ASSET_PATHS = "\"Sushi/Preview Content\"";
				DEVELOPMENT_TEAM = 74888VXG95;
				ENABLE_PREVIEWS = YES;
				GENERATE_INFOPLIST_FILE = YES;
				INFOPLIST_KEY_UIApplicationSceneManifest_Generation = YES;
				INFOPLIST_KEY_UIApplicationSupportsIndirectInputEvents = YES;
				INFOPLIST_KEY_UILaunchScreen_Generation = YES;
				INFOPLIST_KEY_UISupportedInterfaceOrientations_iPad = "UIInterfaceOrientationPortrait UIInterfaceOrientationPortraitUpsideDown UIInterfaceOrientationLandscapeLeft UIInterfaceOrientationLandscapeRight";
				INFOPLIST_KEY_UISupportedInterfaceOrientations_iPhone = "UIInterfaceOrientationPortrait UIInterfaceOrientationLandscapeLeft UIInterfaceOrientationLandscapeRight";
				LD_RUNPATH_SEARCH_PATHS = (
					"$(inherited)",
					"@executable_path/Frameworks",
				);
				MARKETING_VERSION = 1.0;
				PRODUCT_BUNDLE_IDENTIFIER = AdiletBerdibekov.Sushi;
				PRODUCT_NAME = "$(TARGET_NAME)";
				SWIFT_EMIT_LOC_STRINGS = YES;
				SWIFT_VERSION = 5.0;
				TARGETED_DEVICE_FAMILY = "1,2";
			};
			name = Debug;
		};
		6DDB9FFF27733F9200D0FBDC /* Release */ = {
			isa = XCBuildConfiguration;
			buildSettings = {
				ASSETCATALOG_COMPILER_APPICON_NAME = AppIcon;
				ASSETCATALOG_COMPILER_GLOBAL_ACCENT_COLOR_NAME = AccentColor;
				CODE_SIGN_STYLE = Automatic;
				CURRENT_PROJECT_VERSION = 1;
				DEVELOPMENT_ASSET_PATHS = "\"Sushi/Preview Content\"";
				DEVELOPMENT_TEAM = 74888VXG95;
				ENABLE_PREVIEWS = YES;
				GENERATE_INFOPLIST_FILE = YES;
				INFOPLIST_KEY_UIApplicationSceneManifest_Generation = YES;
				INFOPLIST_KEY_UIApplicationSupportsIndirectInputEvents = YES;
				INFOPLIST_KEY_UILaunchScreen_Generation = YES;
				INFOPLIST_KEY_UISupportedInterfaceOrientations_iPad = "UIInterfaceOrientationPortrait UIInterfaceOrientationPortraitUpsideDown UIInterfaceOrientationLandscapeLeft UIInterfaceOrientationLandscapeRight";
				INFOPLIST_KEY_UISupportedInterfaceOrientations_iPhone = "UIInterfaceOrientationPortrait UIInterfaceOrientationLandscapeLeft UIInterfaceOrientationLandscapeRight";
				LD_RUNPATH_SEARCH_PATHS = (
					"$(inherited)",
					"@executable_path/Frameworks",
				);
				MARKETING_VERSION = 1.0;
				PRODUCT_BUNDLE_IDENTIFIER = AdiletBerdibekov.Sushi;
				PRODUCT_NAME = "$(TARGET_NAME)";
				SWIFT_EMIT_LOC_STRINGS = YES;
				SWIFT_VERSION = 5.0;
				TARGETED_DEVICE_FAMILY = "1,2";
			};
			name = Release;
		};
/* End XCBuildConfiguration section */

/* Begin XCConfigurationList section */
		6DDB9FEA27733F9100D0FBDC /* Build configuration list for PBXProject "Sushi" */ = {
			isa = XCConfigurationList;
			buildConfigurations = (
				6DDB9FFB27733F9200D0FBDC /* Debug */,
				6DDB9FFC27733F9200D0FBDC /* Release */,
			);
			defaultConfigurationIsVisible = 0;
			defaultConfigurationName = Release;
		};
		6DDB9FFD27733F9200D0FBDC /* Build configuration list for PBXNativeTarget "Sushi" */ = {
			isa = XCConfigurationList;
			buildConfigurations = (
				6DDB9FFE27733F9200D0FBDC /* Debug */,
				6DDB9FFF27733F9200D0FBDC /* Release */,
			);
			defaultConfigurationIsVisible = 0;
			defaultConfigurationName = Release;
		};
/* End XCConfigurationList section */
	};
	rootObject = 6DDB9FE727733F9100D0FBDC /* Project object */;
}
